
Microsoft Visual Studio Solution File, Format Version 12.00
# Visual Studio Version 16
VisualStudioVersion = 16.0.29920.165
MinimumVisualStudioVersion = 10.0.40219.1
Project("{FAE04EC0-301F-11D3-BF4B-00C04F79EFBC}") = "ArchiveManagement", "ArchiveManagement\ArchiveManagement.csproj", "{F6721183-C957-4BAE-B657-797BBA46DF75}"
EndProject
Project("{FAE04EC0-301F-11D3-BF4B-00C04F79EFBC}") = "ArchiveManagement.Tests", "ArchiveManagement.Tests\ArchiveManagement.Tests.csproj", "{3EF41442-799F-44EB-B2C0-9485124F6B9E}"
EndProject
Global
	GlobalSection(SolutionConfigurationPlatforms) = preSolution
		Debug|Any CPU = Debug|Any CPU
		Release|Any CPU = Release|Any CPU
	EndGlobalSection
	GlobalSection(ProjectConfigurationPlatforms) = postSolution
		{F6721183-C957-4BAE-B657-797BBA46DF75}.Debug|Any CPU.ActiveCfg = Debug|Any CPU
		{F6721183-C957-4BAE-B657-797BBA46DF75}.Debug|Any CPU.Build.0 = Debug|Any CPU
		{F6721183-C957-4BAE-B657-797BBA46DF75}.Release|Any CPU.ActiveCfg = Release|Any CPU
		{F6721183-C957-4BAE-B657-797BBA46DF75}.Release|Any CPU.Build.0 = Release|Any CPU
		{3EF41442-799F-44EB-B2C0-9485124F6B9E}.Debug|Any CPU.ActiveCfg = Debug|Any CPU
		{3EF41442-799F-44EB-B2C0-9485124F6B9E}.Debug|Any CPU.Build.0 = Debug|Any CPU
		{3EF41442-799F-44EB-B2C0-9485124F6B9E}.Release|Any CPU.ActiveCfg = Release|Any CPU
		{3EF41442-799F-44EB-B2C0-9485124F6B9E}.Release|Any CPU.Build.0 = Release|Any CPU
	EndGlobalSection
	GlobalSection(SolutionProperties) = preSolution
		HideSolutionNode = FALSE
	EndGlobalSection
	GlobalSection(ExtensibilityGlobals) = postSolution
		SolutionGuid = {7CA3631E-6BCE-4491-8742-3E588763E00B}
	EndGlobalSection
EndGlobal
